
Microsoft Visual Studio Solution File, Format Version 12.00
# Visual Studio Version 16
VisualStudioVersion = 16.0.29613.14
MinimumVisualStudioVersion = 10.0.40219.1
Project("{FAE04EC0-301F-11D3-BF4B-00C04F79EFBC}") = "Lox", "Lox\Lox.csproj", "{33814B6C-95AA-434E-A127-DD5275B790A0}"
EndProject
Global
	GlobalSection(SolutionConfigurationPlatforms) = preSolution
		Debug|Any CPU = Debug|Any CPU
		Release|Any CPU = Release|Any CPU
	EndGlobalSection
	GlobalSection(ProjectConfigurationPlatforms) = postSolution
		{33814B6C-95AA-434E-A127-DD5275B790A0}.Debug|Any CPU.ActiveCfg = Debug|Any CPU
		{33814B6C-95AA-434E-A127-DD5275B790A0}.Debug|Any CPU.Build.0 = Debug|Any CPU
		{33814B6C-95AA-434E-A127-DD5275B790A0}.Release|Any CPU.ActiveCfg = Release|Any CPU
		{33814B6C-95AA-434E-A127-DD5275B790A0}.Release|Any CPU.Build.0 = Release|Any CPU
	EndGlobalSection
	GlobalSection(SolutionProperties) = preSolution
		HideSolutionNode = FALSE
	EndGlobalSection
	GlobalSection(ExtensibilityGlobals) = postSolution
		SolutionGuid = {A5F8577B-F016-4100-81FC-2864241A29AC}
	EndGlobalSection
EndGlobal
